// !$*UTF8*$!
{
	archiveVersion = 1;
	classes = {
	};
	objectVersion = 46;
	objects = {

/* Begin PBXBuildFile section */
		8D3C0B671E24390A00350395 /* AppDelegate.swift in Sources */ = {isa = PBXBuildFile; fileRef = 8D3C0B661E24390A00350395 /* AppDelegate.swift */; };
		8D3C0B691E24390A00350395 /* ViewController.swift in Sources */ = {isa = PBXBuildFile; fileRef = 8D3C0B681E24390A00350395 /* ViewController.swift */; };
		8D3C0B6C1E24390A00350395 /* Main.storyboard in Resources */ = {isa = PBXBuildFile; fileRef = 8D3C0B6A1E24390A00350395 /* Main.storyboard */; };
		8D3C0B6E1E24390A00350395 /* Assets.xcassets in Resources */ = {isa = PBXBuildFile; fileRef = 8D3C0B6D1E24390A00350395 /* Assets.xcassets */; };
		8D3C0B711E24390A00350395 /* LaunchScreen.storyboard in Resources */ = {isa = PBXBuildFile; fileRef = 8D3C0B6F1E24390A00350395 /* LaunchScreen.storyboard */; };
		8D3C0B7F1E259AF200350395 /* Constraints.swift in Sources */ = {isa = PBXBuildFile; fileRef = 8D3C0B7E1E259AF200350395 /* Constraints.swift */; };
		8D3C0B831E259B8600350395 /* PickerController.swift in Sources */ = {isa = PBXBuildFile; fileRef = 8D3C0B821E259B8600350395 /* PickerController.swift */; };
/* End PBXBuildFile section */

/* Begin PBXFileReference section */
		8D3C0B631E24390A00350395 /* CalorieCalculator.app */ = {isa = PBXFileReference; explicitFileType = wrapper.application; includeInIndex = 0; path = CalorieCalculator.app; sourceTree = BUILT_PRODUCTS_DIR; };
		8D3C0B661E24390A00350395 /* AppDelegate.swift */ = {isa = PBXFileReference; lastKnownFileType = sourcecode.swift; path = AppDelegate.swift; sourceTree = "<group>"; };
		8D3C0B681E24390A00350395 /* ViewController.swift */ = {isa = PBXFileReference; lastKnownFileType = sourcecode.swift; path = ViewController.swift; sourceTree = "<group>"; };
		8D3C0B6B1E24390A00350395 /* Base */ = {isa = PBXFileReference; lastKnownFileType = file.storyboard; name = Base; path = Base.lproj/Main.storyboard; sourceTree = "<group>"; };
		8D3C0B6D1E24390A00350395 /* Assets.xcassets */ = {isa = PBXFileReference; lastKnownFileType = folder.assetcatalog; path = Assets.xcassets; sourceTree = "<group>"; };
		8D3C0B701E24390A00350395 /* Base */ = {isa = PBXFileReference; lastKnownFileType = file.storyboard; name = Base; path = Base.lproj/LaunchScreen.storyboard; sourceTree = "<group>"; };
		8D3C0B721E24390A00350395 /* Info.plist */ = {isa = PBXFileReference; lastKnownFileType = text.plist.xml; path = Info.plist; sourceTree = "<group>"; };
		8D3C0B7E1E259AF200350395 /* Constraints.swift */ = {isa = PBXFileReference; fileEncoding = 4; lastKnownFileType = sourcecode.swift; path = Constraints.swift; sourceTree = "<group>"; };
		8D3C0B821E259B8600350395 /* PickerController.swift */ = {isa = PBXFileReference; fileEncoding = 4; lastKnownFileType = sourcecode.swift; path = PickerController.swift; sourceTree = "<group>"; };
/* End PBXFileReference section */

/* Begin PBXFrameworksBuildPhase section */
		8D3C0B601E24390A00350395 /* Frameworks */ = {
			isa = PBXFrameworksBuildPhase;
			buildActionMask = 2147483647;
			files = (
			);
			runOnlyForDeploymentPostprocessing = 0;
		};
/* End PBXFrameworksBuildPhase section */

/* Begin PBXGroup section */
		8D3C0B5A1E24390A00350395 = {
			isa = PBXGroup;
			children = (
				8D3C0B651E24390A00350395 /* CalorieCalculator */,
				8D3C0B641E24390A00350395 /* Products */,
			);
			sourceTree = "<group>";
		};
		8D3C0B641E24390A00350395 /* Products */ = {
			isa = PBXGroup;
			children = (
				8D3C0B631E24390A00350395 /* CalorieCalculator.app */,
			);
			name = Products;
			sourceTree = "<group>";
		};
		8D3C0B651E24390A00350395 /* CalorieCalculator */ = {
			isa = PBXGroup;
			children = (
				8D3C0B661E24390A00350395 /* AppDelegate.swift */,
				8D3C0B881E25C38F00350395 /* View Controller */,
				8D3C0B861E25A19300350395 /* View */,
				8D3C0B871E25A19B00350395 /* Resources */,
			);
			path = CalorieCalculator;
			sourceTree = "<group>";
		};
		8D3C0B861E25A19300350395 /* View */ = {
			isa = PBXGroup;
			children = (
				8D3C0B7E1E259AF200350395 /* Constraints.swift */,
				8D3C0B821E259B8600350395 /* PickerController.swift */,
			);
			name = View;
			sourceTree = "<group>";
		};
		8D3C0B871E25A19B00350395 /* Resources */ = {
			isa = PBXGroup;
			children = (
				8D3C0B6A1E24390A00350395 /* Main.storyboard */,
				8D3C0B6D1E24390A00350395 /* Assets.xcassets */,
				8D3C0B6F1E24390A00350395 /* LaunchScreen.storyboard */,
				8D3C0B721E24390A00350395 /* Info.plist */,
			);
			name = Resources;
			sourceTree = "<group>";
		};
		8D3C0B881E25C38F00350395 /* View Controller */ = {
			isa = PBXGroup;
			children = (
				8D3C0B681E24390A00350395 /* ViewController.swift */,
			);
			name = "View Controller";
			sourceTree = "<group>";
		};
/* End PBXGroup section */

/* Begin PBXNativeTarget section */
		8D3C0B621E24390A00350395 /* CalorieCalculator */ = {
			isa = PBXNativeTarget;
			buildConfigurationList = 8D3C0B751E24390A00350395 /* Build configuration list for PBXNativeTarget "CalorieCalculator" */;
			buildPhases = (
				8D3C0B5F1E24390A00350395 /* Sources */,
				8D3C0B601E24390A00350395 /* Frameworks */,
				8D3C0B611E24390A00350395 /* Resources */,
			);
			buildRules = (
			);
			dependencies = (
			);
			name = CalorieCalculator;
			productName = CalorieCalculator;
			productReference = 8D3C0B631E24390A00350395 /* CalorieCalculator.app */;
			productType = "com.apple.product-type.application";
		};
/* End PBXNativeTarget section */

/* Begin PBXProject section */
		8D3C0B5B1E24390A00350395 /* Project object */ = {
			isa = PBXProject;
			attributes = {
				LastSwiftUpdateCheck = 0820;
				LastUpgradeCheck = 0820;
				ORGANIZATIONNAME = "Nicholas Ellis";
				TargetAttributes = {
					8D3C0B621E24390A00350395 = {
						CreatedOnToolsVersion = 8.2.1;
						DevelopmentTeam = XSV88KY8NF;
						ProvisioningStyle = Automatic;
					};
				};
			};
			buildConfigurationList = 8D3C0B5E1E24390A00350395 /* Build configuration list for PBXProject "CalorieCalculator" */;
			compatibilityVersion = "Xcode 3.2";
			developmentRegion = English;
			hasScannedForEncodings = 0;
			knownRegions = (
				en,
				Base,
			);
			mainGroup = 8D3C0B5A1E24390A00350395;
			productRefGroup = 8D3C0B641E24390A00350395 /* Products */;
			projectDirPath = "";
			projectRoot = "";
			targets = (
				8D3C0B621E24390A00350395 /* CalorieCalculator */,
			);
		};
/* End PBXProject section */

/* Begin PBXResourcesBuildPhase section */
		8D3C0B611E24390A00350395 /* Resources */ = {
			isa = PBXResourcesBuildPhase;
			buildActionMask = 2147483647;
			files = (
				8D3C0B711E24390A00350395 /* LaunchScreen.storyboard in Resources */,
				8D3C0B6E1E24390A00350395 /* Assets.xcassets in Resources */,
				8D3C0B6C1E24390A00350395 /* Main.storyboard in Resources */,
			);
			runOnlyForDeploymentPostprocessing = 0;
		};
/* End PBXResourcesBuildPhase section */

/* Begin PBXSourcesBuildPhase section */
		8D3C0B5F1E24390A00350395 /* Sources */ = {
			isa = PBXSourcesBuildPhase;
			buildActionMask = 2147483647;
			files = (
				8D3C0B831E259B8600350395 /* PickerController.swift in Sources */,
				8D3C0B691E24390A00350395 /* ViewController.swift in Sources */,
				8D3C0B671E24390A00350395 /* AppDelegate.swift in Sources */,
				8D3C0B7F1E259AF200350395 /* Constraints.swift in Sources */,
			);
			runOnlyForDeploymentPostprocessing = 0;
		};
/* End PBXSourcesBuildPhase section */

/* Begin PBXVariantGroup section */
		8D3C0B6A1E24390A00350395 /* Main.storyboard */ = {
			isa = PBXVariantGroup;
			children = (
				8D3C0B6B1E24390A00350395 /* Base */,
			);
			name = Main.storyboard;
			sourceTree = "<group>";
		};
		8D3C0B6F1E24390A00350395 /* LaunchScreen.storyboard */ = {
			isa = PBXVariantGroup;
			children = (
				8D3C0B701E24390A00350395 /* Base */,
			);
			name = LaunchScreen.storyboard;
			sourceTree = "<group>";
		};
/* End PBXVariantGroup section */

/* Begin XCBuildConfiguration section */
		8D3C0B731E24390A00350395 /* Debug */ = {
			isa = XCBuildConfiguration;
			buildSettings = {
				ALWAYS_SEARCH_USER_PATHS = NO;
				CLANG_ANALYZER_NONNULL = YES;
				CLANG_CXX_LANGUAGE_STANDARD = "gnu++0x";
				CLANG_CXX_LIBRARY = "libc++";
				CLANG_ENABLE_MODULES = YES;
				CLANG_ENABLE_OBJC_ARC = YES;
				CLANG_WARN_BOOL_CONVERSION = YES;
				CLANG_WARN_CONSTANT_CONVERSION = YES;
				CLANG_WARN_DIRECT_OBJC_ISA_USAGE = YES_ERROR;
				CLANG_WARN_DOCUMENTATION_COMMENTS = YES;
				CLANG_WARN_EMPTY_BODY = YES;
				CLANG_WARN_ENUM_CONVERSION = YES;
				CLANG_WARN_INFINITE_RECURSION = YES;
				CLANG_WARN_INT_CONVERSION = YES;
				CLANG_WARN_OBJC_ROOT_CLASS = YES_ERROR;
				CLANG_WARN_SUSPICIOUS_MOVE = YES;
				CLANG_WARN_UNREACHABLE_CODE = YES;
				CLANG_WARN__DUPLICATE_METHOD_MATCH = YES;
				"CODE_SIGN_IDENTITY[sdk=iphoneos*]" = "iPhone Developer";
				COPY_PHASE_STRIP = NO;
				DEBUG_INFORMATION_FORMAT = dwarf;
				ENABLE_STRICT_OBJC_MSGSEND = YES;
				ENABLE_TESTABILITY = YES;
				GCC_C_LANGUAGE_STANDARD = gnu99;
				GCC_DYNAMIC_NO_PIC = NO;
				GCC_NO_COMMON_BLOCKS = YES;
				GCC_OPTIMIZATION_LEVEL = 0;
				GCC_PREPROCESSOR_DEFINITIONS = (
					"DEBUG=1",
					"$(inherited)",
				);
				GCC_WARN_64_TO_32_BIT_CONVERSION = YES;
				GCC_WARN_ABOUT_RETURN_TYPE = YES_ERROR;
				GCC_WARN_UNDECLARED_SELECTOR = YES;
				GCC_WARN_UNINITIALIZED_AUTOS = YES_AGGRESSIVE;
				GCC_WARN_UNUSED_FUNCTION = YES;
				GCC_WARN_UNUSED_VARIABLE = YES;
				IPHONEOS_DEPLOYMENT_TARGET = 10.2;
				MTL_ENABLE_DEBUG_INFO = YES;
				ONLY_ACTIVE_ARCH = YES;
				SDKROOT = iphoneos;
				SWIFT_ACTIVE_COMPILATION_CONDITIONS = DEBUG;
				SWIFT_OPTIMIZATION_LEVEL = "-Onone";
			};
			name = Debug;
		};
		8D3C0B741E24390A00350395 /* Release */ = {
			isa = XCBuildConfiguration;
			buildSettings = {
				ALWAYS_SEARCH_USER_PATHS = NO;
				CLANG_ANALYZER_NONNULL = YES;
				CLANG_CXX_LANGUAGE_STANDARD = "gnu++0x";
				CLANG_CXX_LIBRARY = "libc++";
				CLANG_ENABLE_MODULES = YES;
				CLANG_ENABLE_OBJC_ARC = YES;
				CLANG_WARN_BOOL_CONVERSION = YES;
				CLANG_WARN_CONSTANT_CONVERSION = YES;
				CLANG_WARN_DIRECT_OBJC_ISA_USAGE = YES_ERROR;
				CLANG_WARN_DOCUMENTATION_COMMENTS = YES;
				CLANG_WARN_EMPTY_BODY = YES;
				CLANG_WARN_ENUM_CONVERSION = YES;
				CLANG_WARN_INFINITE_RECURSION = YES;
				CLANG_WARN_INT_CONVERSION = YES;
				CLANG_WARN_OBJC_ROOT_CLASS = YES_ERROR;
				CLANG_WARN_SUSPICIOUS_MOVE = YES;
				CLANG_WARN_UNREACHABLE_CODE = YES;
				CLANG_WARN__DUPLICATE_METHOD_MATCH = YES;
				"CODE_SIGN_IDENTITY[sdk=iphoneos*]" = "iPhone Developer";
				COPY_PHASE_STRIP = NO;
				DEBUG_INFORMATION_FORMAT = "dwarf-with-dsym";
				ENABLE_NS_ASSERTIONS = NO;
				ENABLE_STRICT_OBJC_MSGSEND = YES;
				GCC_C_LANGUAGE_STANDARD = gnu99;
				GCC_NO_COMMON_BLOCKS = YES;
				GCC_WARN_64_TO_32_BIT_CONVERSION = YES;
				GCC_WARN_ABOUT_RETURN_TYPE = YES_ERROR;
				GCC_WARN_UNDECLARED_SELECTOR = YES;
				GCC_WARN_UNINITIALIZED_AUTOS = YES_AGGRESSIVE;
				GCC_WARN_UNUSED_FUNCTION = YES;
				GCC_WARN_UNUSED_VARIABLE = YES;
				IPHONEOS_DEPLOYMENT_TARGET = 10.2;
				MTL_ENABLE_DEBUG_INFO = NO;
				SDKROOT = iphoneos;
				SWIFT_OPTIMIZATION_LEVEL = "-Owholemodule";
				VALIDATE_PRODUCT = YES;
			};
			name = Release;
		};
		8D3C0B761E24390A00350395 /* Debug */ = {
			isa = XCBuildConfiguration;
			buildSettings = {
				ASSETCATALOG_COMPILER_APPICON_NAME = AppIcon;
				DEVELOPMENT_TEAM = XSV88KY8NF;
				INFOPLIST_FILE = CalorieCalculator/Info.plist;
				LD_RUNPATH_SEARCH_PATHS = "$(inherited) @executable_path/Frameworks";
				PRODUCT_BUNDLE_IDENTIFIER = com.NicholasEllis.CalorieCalculator;
				PRODUCT_NAME = "$(TARGET_NAME)";
				SWIFT_VERSION = 3.0;
			};
			name = Debug;
		};
		8D3C0B771E24390A00350395 /* Release */ = {
			isa = XCBuildConfiguration;
			buildSettings = {
				ASSETCATALOG_COMPILER_APPICON_NAME = AppIcon;
				DEVELOPMENT_TEAM = XSV88KY8NF;
				INFOPLIST_FILE = CalorieCalculator/Info.plist;
				LD_RUNPATH_SEARCH_PATHS = "$(inherited) @executable_path/Frameworks";
				PRODUCT_BUNDLE_IDENTIFIER = com.NicholasEllis.CalorieCalculator;
				PRODUCT_NAME = "$(TARGET_NAME)";
				SWIFT_VERSION = 3.0;
			};
			name = Release;
		};
/* End XCBuildConfiguration section */

/* Begin XCConfigurationList section */
		8D3C0B5E1E24390A00350395 /* Build configuration list for PBXProject "CalorieCalculator" */ = {
			isa = XCConfigurationList;
			buildConfigurations = (
				8D3C0B731E24390A00350395 /* Debug */,
				8D3C0B741E24390A00350395 /* Release */,
			);
			defaultConfigurationIsVisible = 0;
			defaultConfigurationName = Release;
		};
		8D3C0B751E24390A00350395 /* Build configuration list for PBXNativeTarget "CalorieCalculator" */ = {
			isa = XCConfigurationList;
			buildConfigurations = (
				8D3C0B761E24390A00350395 /* Debug */,
				8D3C0B771E24390A00350395 /* Release */,
			);
			defaultConfigurationIsVisible = 0;
			defaultConfigurationName = Release;
		};
/* End XCConfigurationList section */
	};
	rootObject = 8D3C0B5B1E24390A00350395 /* Project object */;
}
